
Microsoft Visual Studio Solution File, Format Version 12.00
# Visual Studio Version 16
VisualStudioVersion = 16.0.32126.315
MinimumVisualStudioVersion = 10.0.40219.1
Project("{FAE04EC0-301F-11D3-BF4B-00C04F79EFBC}") = "Revit_API_2_4", "Revit_API_2_4\Revit_API_2_4.csproj", "{CF2A99CA-4C45-44B5-802E-F5E8D07C10AC}"
EndProject
Global
	GlobalSection(SolutionConfigurationPlatforms) = preSolution
		Debug|Any CPU = Debug|Any CPU
		Release|Any CPU = Release|Any CPU
	EndGlobalSection
	GlobalSection(ProjectConfigurationPlatforms) = postSolution
		{CF2A99CA-4C45-44B5-802E-F5E8D07C10AC}.Debug|Any CPU.ActiveCfg = Debug|Any CPU
		{CF2A99CA-4C45-44B5-802E-F5E8D07C10AC}.Debug|Any CPU.Build.0 = Debug|Any CPU
		{CF2A99CA-4C45-44B5-802E-F5E8D07C10AC}.Release|Any CPU.ActiveCfg = Release|Any CPU
		{CF2A99CA-4C45-44B5-802E-F5E8D07C10AC}.Release|Any CPU.Build.0 = Release|Any CPU
	EndGlobalSection
	GlobalSection(SolutionProperties) = preSolution
		HideSolutionNode = FALSE
	EndGlobalSection
	GlobalSection(ExtensibilityGlobals) = postSolution
		SolutionGuid = {5C276310-26E9-4FC0-B959-980A211BC231}
	EndGlobalSection
EndGlobal
